github.com/360EntSecGroup-Skylar/goreporter v0.0.0-20180523022159-2993f1c8801c h1:4a9C/mzkJcomVyXIso6GYThQNJ7XWFNvbpr46tbZV64=
github.com/360EntSecGroup-Skylar/goreporter v0.0.0-20180523022159-2993f1c8801c/go.mod h1:8e+EFRt2syN2FyQ3Q5JZEHLhFlEPm+ANyFLe8UyNwMw=
github.com/360EntSecGroup-Skylar/goreporter v0.0.0-20180902115603-df1b20f7c5d0/go.mod h1:8e+EFRt2syN2FyQ3Q5JZEHLhFlEPm+ANyFLe8UyNwMw=
github.com/BurntSushi/toml v0.3.0 h1:e1/Ivsx3Z0FVTV0NSOv/aVgbUWyQuzj7DDnFblkRvsY=
github.com/BurntSushi/toml v0.3.0/go.mod h1:xHWCNGjB5oqiDr8zfno3MHue2Ht5sIBksp03qcyfWMU=
github.com/BurntSushi/toml v0.3.1/go.mod h1:xHWCNGjB5oqiDr8zfno3MHue2Ht5sIBksp03qcyfWMU=
github.com/ChimeraCoder/gojson v1.0.0 h1:gAYKGTV+xfQ4+l/4C/nazPbiQDUidG0G3ukAJnE7LNE=
github.com/ChimeraCoder/gojson v1.0.0/go.mod h1:nYbTQlu6hv8PETM15J927yM0zGj3njIldp72UT1MqSw=
github.com/PuerkitoBio/goquery v1.4.1 h1:smcIRGdYm/w7JSbcdeLHEMzxmsBQvl8lhf0dSw2nzMI=
github.com/PuerkitoBio/goquery v1.4.1/go.mod h1:T9ezsOHcCrDCgA8aF1Cqr3sSYbO/xgdy8/R/XiIMAhA=
github.com/adamzy/cedar-go v0.0.0-20170805034717-80a9c64b256d h1:ir/IFJU5xbja5UaBEQLjcvn7aAU01nqU/NUyOBEU+ew=
github.com/adamzy/cedar-go v0.0.0-20170805034717-80a9c64b256d/go.mod h1:PRWNwWq0yifz6XDPZu48aSld8BWwBfr2JKB2bGWiEd4=
github.com/andybalholm/cascadia v1.0.0 h1:hOCXnnZ5A+3eVDX8pvgl4kofXv2ELss0bKcqRySc45o=
github.com/andybalholm/cascadia v1.0.0/go.mod h1:GsXiBklL0woXo1j/WYWtSYYC4ouU9PqHO0sqidkEA4Y=
github.com/astaxie/beego v1.10.1 h1:M2ciUnyiZycuTpGEA+idJF0gX24h58EbPvGqjnO/DCg=
github.com/astaxie/beego v1.10.1/go.mod h1:0R4++1tUqERR0WYFWdfkcrsyoVBCG4DgpDGokT3yb+U=
github.com/boltdb/bolt v1.3.1 h1:JQmyP4ZBrce+ZQu0dY660FMfatumYDLun9hBCUVIkF4=
github.com/boltdb/bolt v1.3.1/go.mod h1:clJnj/oiGkjum5o1McbSZDSLxVThjynRyGBgiAx27Ps=
github.com/davecgh/go-spew v1.1.1 h1:vj9j/u1bqnvCEfJOwUhtlOARqs3+rkHYY13jYWTU97c=
github.com/davecgh/go-spew v1.1.1/go.mod h1:J7Y8YcW2NihsgmVo/mv3lAwl/skON4iLHjSsI+c5H38=
github.com/facebookgo/inject v0.0.0-20180706035515-f23751cae28b h1:V6c4/dSTNhSaNn4c5ulbakfv277qCvs7byFYv7P83iQ=
github.com/facebookgo/inject v0.0.0-20180706035515-f23751cae28b/go.mod h1:oO8UHw+fDHjDsk4CTy/E96WDzFUYozAtBAaGNoVL0+c=
github.com/facebookgo/structtag v0.0.0-20150214074306-217e25fb9691 h1:KnnwHN59Jxec0htA2pe/i0/WI9vxXLQifdhBrP3lqcQ=
github.com/facebookgo/structtag v0.0.0-20150214074306-217e25fb9691/go.mod h1:sKLL1iua/0etWfo/nPCmyz+v2XDMXy+Ho53W7RAuZNY=
github.com/fatih/color v1.7.0 h1:DkWD4oS2D8LGGgTQ6IvwJJXSL5Vp2ffcQg58nFV38Ys=
github.com/fatih/color v1.7.0/go.mod h1:Zm6kSWBoL9eyXnKyktHP6abPY2pDugNf5KwzbycvMj4=
github.com/franela/goblin v0.0.0-20180624194345-6af5ecb776ce h1:v+K6/+QT+C9C1kMLn9/CJ/6YZymvv5v7ua34YQQ/oOs=
github.com/franela/goblin v0.0.0-20180624194345-6af5ecb776ce/go.mod h1:7dvUGVsVBjqR7JHJk0brhHOZYGmfBYOrK0ZhYMEtBr4=
github.com/franela/goreq v0.0.0-20171204163338-bcd34c9993f8 h1:a9ENSRDFBUPkJ5lCgVZh26+ZbGyoVJG7yb5SSzF5H54=
github.com/franela/goreq v0.0.0-20171204163338-bcd34c9993f8/go.mod h1:ZhphrRTfi2rbfLwlschooIH4+wKKDR4Pdxhh+TRoA20=
github.com/fsnotify/fsnotify v1.4.7 h1:IXs+QLmnXW2CcXuY+8Mzv/fWEsPGWxqefPtCP5CnV9I=
github.com/fsnotify/fsnotify v1.4.7/go.mod h1:jwhsz4b93w/PPRr/qN1Yymfu8t87LnFCMoQvtojpjFo=
github.com/golang/glog v0.0.0-20160126235308-23def4e6c14b h1:VKtxabqXZkF25pY9ekfRL6a582T4P37/31XEstQ5p58=
github.com/golang/glog v0.0.0-20160126235308-23def4e6c14b/go.mod h1:SBH7ygxi8pfUlaOkMMuAQtPIUF8ecWP5IEl/CR7VP2Q=
github.com/golang/protobuf v1.2.0 h1:P3YflyNX/ehuJFLhxviNdFxQPkGK5cDcApsge1SqnvM=
github.com/golang/protobuf v1.2.0/go.mod h1:6lQm79b+lXiMfvg/cZm0SGofjICqVBUtrP5yJMmIC1U=
github.com/hpcloud/tail v1.0.0 h1:nfCOvKYfkgYP8hkirhJocXT2+zOD8yUNjXaWfTlyFKI=
github.com/hpcloud/tail v1.0.0/go.mod h1:ab1qPbhIpdTxEkNHXyeSf5vhxWSCs/tWer42PpOxQnU=
github.com/huichen/sego v0.0.0-20180617034105-3f3c8a8cfacc h1:3LXYtoxQGFSjIL5ZJAn4PceSpwRohuTKYL1W4kJ7G8g=
github.com/huichen/sego v0.0.0-20180617034105-3f3c8a8cfacc/go.mod h1:+/Bm7uk1bnJJMi9l6P88FgHeGtscOQiYbxW1j+BmgBY=
github.com/issue9/assert v0.0.0-20180725152606-9e19636c7256/go.mod h1:KLwR3U/5rbCxqwAnV3aCr+dz07aoIyIfk2lefIVr2BA=
github.com/ivpusic/grpool v0.0.0-20170804092134-28957a27c944 h1:4piUplpVh6FBKTlQpmv9SA0wwvnq05nc+aEu1OSCMRk=
github.com/ivpusic/grpool v0.0.0-20170804092134-28957a27c944/go.mod h1:WPmiAI5ExAn06vg+0JzyPzXMQutJmpb7TrBtyLJkOHQ=
github.com/json-iterator/go v1.1.5 h1:gL2yXlmiIo4+t+y32d4WGwOjKGYcGOuyrg46vadswDE=
github.com/json-iterator/go v1.1.5/go.mod h1:+SdeFBvtyEkXs7REEP0seUULqWtbJapLOCVDaaPEHmU=
github.com/kisielk/gotool v1.0.0 h1:AV2c/EiW3KqPNT9ZKl07ehoAGi4C5/01Cfbblndcapg=
github.com/kisielk/gotool v1.0.0/go.mod h1:XhKaO+MFFWcvkIS/tQcRk01m1F5IRFswLeQ+oQHNcck=
github.com/kr/pretty v0.1.0 h1:L/CwN0zerZDmRFUapSPitk6f+Q3+0za1rQkzVuMiMFI=
github.com/kr/pretty v0.1.0/go.mod h1:dAy3ld7l9f0ibDNOQOHHMYYIIbhfbHSm3C4ZsoJORNo=
github.com/kr/pty v1.1.1/go.mod h1:pFQYn66WHrOpPYNljwOMqo10TkYh1fy3cYio2l3bCsQ=
github.com/kr/pty v1.1.2/go.mod h1:pFQYn66WHrOpPYNljwOMqo10TkYh1fy3cYio2l3bCsQ=
github.com/kr/text v0.1.0 h1:45sCR5RtlFHMR4UwH9sdQ5TC8v0qDQCHnXt+kaKSTVE=
github.com/kr/text v0.1.0/go.mod h1:4Jbv+DJW3UT/LiOwJeYQe1efqtUx/iVham/4vfdArNI=
github.com/magiconair/properties v1.8.0/go.mod h1:PppfXfuXeibc/6YijjN8zIbojt8czPbwD3XqdrwzmxQ=
github.com/mattn/go-colorable v0.0.9 h1:UVL0vNpWh04HeJXV0KLcaT7r06gOH2l4OW6ddYRUIY4=
github.com/mattn/go-colorable v0.0.9/go.mod h1:9vuHe8Xs5qXnSaW/c/ABM9alt+Vo+STaOChaDxuIBZU=
github.com/mattn/go-isatty v0.0.3 h1:ns/ykhmWi7G9O+8a448SecJU3nSMBXJfqQkl0upE1jI=
github.com/mattn/go-isatty v0.0.3/go.mod h1:M+lRXTBqGeGNdLjl/ufCoiOlB5xdOkqRJdNxMWT7Zi4=
github.com/mattn/go-isatty v0.0.4/go.mod h1:M+lRXTBqGeGNdLjl/ufCoiOlB5xdOkqRJdNxMWT7Zi4=
github.com/mattn/go-sqlite3 v1.9.0 h1:pDRiWfl+++eC2FEFRy6jXmQlvp4Yh3z1MJKg4UeYM/4=
github.com/mattn/go-sqlite3 v1.9.0/go.mod h1:FPy6KqzDD04eiIsT53CuJW3U88zkxoIYsOqkbpncsNc=
github.com/mnhkahn/asciiimg v0.0.0-20161216041023-034b38919410 h1:SeWJ9j4zrLO848EJLXjv6PWP5WRAyyR+jYTjdJ6culk=
github.com/mnhkahn/asciiimg v0.0.0-20161216041023-034b38919410/go.mod h1:cyhnyOQd3zcogd2uSxYdKJQOj2ReEX7/pXmCNkbzjcg=
github.com/mnhkahn/asciiimg v1.0.0 h1:s5ilPAEcR4VY+MkOMrW32LHPO8ql0lFwQQXkiHbTApk=
github.com/mnhkahn/asciiimg v1.0.0/go.mod h1:cyhnyOQd3zcogd2uSxYdKJQOj2ReEX7/pXmCNkbzjcg=
github.com/mnhkahn/gods v1.0.1 h1:Hiz/zIpgPfOCzt0rCamnZ+pwAhrYCZGDsuQnT0tzArk=
github.com/mnhkahn/gods v1.0.1/go.mod h1:tPMQcwh/o/HfDrKK4MgvJzjJ4AP5jInErWwAlo4gvnA=
github.com/mnhkahn/gogogo v0.0.0-20180828045929-a50c307f9943 h1:7GFRmmCZZMcAfz3gWXCgDDYp98Su2OGSs0y8vz3VWKQ=
github.com/mnhkahn/gogogo v0.0.0-20180828045929-a50c307f9943/go.mod h1:2H7pELixbPqzXoX5mOT8co8aTkhZpl5gVb4CcZDJO54=
github.com/mnhkahn/gogogo v1.0.0 h1:UUCfFfuhWeh/9qV/Hb0GDn+uEEesT+AqCsZb15jZ2aQ=
github.com/mnhkahn/gogogo v1.0.0/go.mod h1:2H7pELixbPqzXoX5mOT8co8aTkhZpl5gVb4CcZDJO54=
github.com/mnhkahn/gogogo v1.0.1 h1:nQqxYUvAf1uxTbrExD7+3KuBMpFa4nTaDk2h9GB0Wp8=
github.com/mnhkahn/gogogo v1.0.1/go.mod h1:2H7pELixbPqzXoX5mOT8co8aTkhZpl5gVb4CcZDJO54=
github.com/mnhkahn/gogogo v1.0.2 h1:uFhGfOz5y4hsRztE7HA3yQW58lQ6ATDl53ezC5NHq1M=
github.com/mnhkahn/gogogo v1.0.2/go.mod h1:KM3JDQ9Xx9atIfBnKhEErETA/J1uMsFFK1ld4nwuBig=
github.com/mnhkahn/gogogo v1.0.3 h1:jI+Puc/5gd8ZTizU8ap4LnJKp6HK66f4NR9EO0+gcX8=
github.com/mnhkahn/gogogo v1.0.3/go.mod h1:KM3JDQ9Xx9atIfBnKhEErETA/J1uMsFFK1ld4nwuBig=
github.com/mnhkahn/gogogo v1.0.4 h1:80+RMcByVyGr3Ykeq6hucNH/7gsvb9PAV8bWh0u1xcQ=
github.com/mnhkahn/gogogo v1.0.4/go.mod h1:jopU4lOd5ppIv0wtiabplx20xsg+SA+m+BkLFh6Jk14=
github.com/mnhkahn/gogogo v1.0.5 h1:r9BXV678U49F6V1oEUQw9fAHqv4BvnwBglZbWz0xseA=
github.com/mnhkahn/gogogo v1.0.5/go.mod h1:jopU4lOd5ppIv0wtiabplx20xsg+SA+m+BkLFh6Jk14=
github.com/mnhkahn/maodou v0.0.0-20160717024355-4d7c226c386a h1:NpKUBFWEAuUERjPvopUEOVO5N56Ky7pGLyapUtXgVIo=
github.com/mnhkahn/maodou v0.0.0-20160717024355-4d7c226c386a/go.mod h1:WM/vB1HFakqkJPtP/pQB/td6btvq3bVYF3d4jhvGgH4=
github.com/mnhkahn/maodou v0.0.0-20180830082834-71bce7c823a3 h1:q0SJI/9iIWL1VmAhZ/viveenwYamapCf6uVKAspTVtg=
github.com/mnhkahn/maodou v0.0.0-20180830082834-71bce7c823a3/go.mod h1:SgizwTAjDD4frRK4xhqNT//JB68G8cpUUFYJEM0b5+U=
github.com/mnhkahn/maodou v1.0.0 h1:dVnrCxbnprciJbcVCtflgcv4seup/erdijXV3U1hXrY=
github.com/mnhkahn/maodou v1.0.0/go.mod h1:BOGQbOSb8fFcKEv4VvUirH5MBq2J64JkJCAJwEtpssw=
github.com/mnhkahn/maodou v1.0.1 h1:Zv5wRy8Zq29Fh4cFRkWReC0vB5kww9v2QtyXVEGpGpU=
github.com/mnhkahn/maodou v1.0.1/go.mod h1:kdhW/WUspfl0eBUQJujPdO1GHaZolleNB1MtMXlBBbI=
github.com/mnhkahn/maodou v1.0.2 h1:5aPVbHYz87GSXqP2gM/djJCm8UsD8mim+Z4spDGRd8w=
github.com/mnhkahn/maodou v1.0.2/go.mod h1:vYI/TbX1cHjjNF03XoF1ynCK6qZZHGusOSj5jkHw50U=
github.com/mnhkahn/maodou v1.0.3 h1:BnaJu1Vi7EGoUWVpVRYEJ7P2Vh6IBnaY785WmmkbJ6s=
github.com/mnhkahn/maodou v1.0.3/go.mod h1:vYI/TbX1cHjjNF03XoF1ynCK6qZZHGusOSj5jkHw50U=
github.com/mnhkahn/maodou v1.0.4 h1:UEfB2J+SSeFP4aBpUJpPl4PVLNCFBFZOgzQDoKx9tuU=
github.com/mnhkahn/maodou v1.0.4/go.mod h1:y2Nhm7EbtxlJ+AYDw0oqfhIveb5hQP1TX1Ol9V7V39I=
github.com/mnhkahn/maodou v1.0.5 h1:QagtNGFeJEE8H96z2DLPg9dlYXO0gC1WB4IQ+TT33xw=
github.com/mnhkahn/maodou v1.0.5/go.mod h1:PqesmUodFzAnJQVRB4YVYBcshmT8WKSc0AhlZplo9JQ=
github.com/mnhkahn/peanut v0.0.0-20180828055434-ec108b6c00a8 h1:c+s8E7JbEkhN/mTkSS7cGqAr0TiJXUpEWz5M1r0OmtY=
github.com/mnhkahn/peanut v0.0.0-20180830083133-65024057eb16 h1:7J0NLhJUJGOp1XQHsR5L52S0spql7euYiI6Hhmvk1ac=
github.com/mnhkahn/peanut v0.0.0-20180830083133-65024057eb16/go.mod h1:z/P9SGuhOq6nOGkrGXYZR7UDUPHUSpAFTSmfA+tVKoA=
github.com/mnhkahn/peanut v0.0.0-20180830083834-4b0ce468b4f3 h1:MsxWo97ApFYCFczGfthp/9vGTKxOW+OUYrzeuti8Ieg=
github.com/mnhkahn/peanut v0.0.0-20180830083834-4b0ce468b4f3/go.mod h1:z/P9SGuhOq6nOGkrGXYZR7UDUPHUSpAFTSmfA+tVKoA=
github.com/mnhkahn/peanut v1.0.0 h1:FYUKpjDq34qVRUYMU3xJrBEvWyDC761dZo17hmqOER8=
github.com/mnhkahn/peanut v1.0.0/go.mod h1:z/P9SGuhOq6nOGkrGXYZR7UDUPHUSpAFTSmfA+tVKoA=
github.com/mnhkahn/peanut v1.0.1 h1:qRNT4lRsWPqxi26in00YYE27r3f9cwSDDW/JK+F/JxY=
github.com/mnhkahn/peanut v1.0.1/go.mod h1:z/P9SGuhOq6nOGkrGXYZR7UDUPHUSpAFTSmfA+tVKoA=
github.com/mnhkahn/peanut v1.0.2 h1:FUXEpG+8zze69y+Tp1w41XM84nZXUfrMM1vrmwAhcsE=
github.com/mnhkahn/peanut v1.0.2/go.mod h1:z/P9SGuhOq6nOGkrGXYZR7UDUPHUSpAFTSmfA+tVKoA=
github.com/mnhkahn/peanut v1.0.3 h1:n/77qc19c2JT2ZSO7vNZowfs9nq6oEE4HVaF9/o2ty0=
github.com/mnhkahn/peanut v1.0.3/go.mod h1:gvR73OkzzLVYD3Cu3CPBIocG16RJOAHz+PGhsl+kebM=
github.com/mnhkahn/resume v0.0.0-20170123025305-335e96510a3e h1:Hps+dNIHtkMQFfGhNgpsui55b1YrLnrYM4/PWa3H02w=
github.com/mnhkahn/resume v0.0.0-20170123025305-335e96510a3e/go.mod h1:a7TbNWSBjJl5VPY4QzVM3vIMEPlxRpESbYp5cIRH3Hw=
github.com/mnhkahn/resume v1.0.0 h1:udAj0YHkqkB0oqoYoslAjrOe9g9hu8dKr7IweCQKmsQ=
github.com/mnhkahn/resume v1.0.0/go.mod h1:a7TbNWSBjJl5VPY4QzVM3vIMEPlxRpESbYp5cIRH3Hw=
github.com/mnhkahn/swiftype v0.0.0-20180823062018-e184d01a986c h1:k+cBDk5jUbbVzhECZVpp6iamhyaP7e1oX0WdjEzKW/w=
github.com/mnhkahn/swiftype v0.0.0-20180823062018-e184d01a986c/go.mod h1:rDJEfxKfMaP9XQOfJDirfDvhXo6QCjVCV7GGI30Sljs=
github.com/mnhkahn/swiftype v1.1.1 h1:xbV2/NeGYild0ouLQm+zwRxf+aMGjFFqNgLEmgt343Y=
github.com/mnhkahn/swiftype v1.1.1/go.mod h1:rDJEfxKfMaP9XQOfJDirfDvhXo6QCjVCV7GGI30Sljs=
github.com/modern-go/concurrent v0.0.0-20180306012644-bacd9c7ef1dd h1:TRLaZ9cD/w8PVh93nsPXa1VrQ6jlwL5oN8l14QlcNfg=
github.com/modern-go/concurrent v0.0.0-20180306012644-bacd9c7ef1dd/go.mod h1:6dJC0mAP4ikYIbvyc7fijjWJddQyLn8Ig3JB5CqoB9Q=
github.com/modern-go/reflect2 v1.0.1 h1:9f412s+6RmYXLWZSEzVVgPGK7C2PphHj5RJrvfx9AWI=
github.com/modern-go/reflect2 v1.0.1/go.mod h1:bx2lNnkwVCuqBIxFjflWJWanXIb3RllmbCylyMrvgv0=
github.com/onsi/ginkgo v1.6.0 h1:Ix8l273rp3QzYgXSR+c8d1fTG7UPgYkOSELPhiY/YGw=
github.com/onsi/ginkgo v1.6.0/go.mod h1:lLunBs/Ym6LB5Z9jYTR76FiuTmxDTDusOGeTQH+WWjE=
github.com/onsi/gomega v1.4.1 h1:PZSj/UFNaVp3KxrzHOcS7oyuWA7LoOY/77yCTEFu21U=
github.com/onsi/gomega v1.4.1/go.mod h1:C1qb7wdrVGGVU+Z6iS04AVkA3Q65CEZX59MT0QO5uiA=
github.com/patrickmn/go-cache v2.1.0+incompatible h1:HRMgzkcYKYpi3C8ajMPV8OFXaaRUnok+kx1WdO15EQc=
github.com/patrickmn/go-cache v2.1.0+incompatible/go.mod h1:3Qf8kWWT7OJRJbdiICTKqZju1ZixQ/KpMGzzAfe6+WQ=
github.com/pmezard/go-difflib v1.0.0 h1:4DBwDE0NGyQoBHbLQYPwSUPoCMWR5BEzIk/f1lZbAQM=
github.com/pmezard/go-difflib v1.0.0/go.mod h1:iKH77koFhYxTK1pcRnkKkqfTogsbg7gZNVY4sRDYZ/4=
github.com/reconquest/barely v0.0.0-20160729074550-0f12e3bb2e13 h1:fbi5I8r+zY59gTNeQKa7VRhahRZJzlOoJPose/YF1iE=
github.com/reconquest/barely v0.0.0-20160729074550-0f12e3bb2e13/go.mod h1:0OI7w9PA9NdCKxn322hAYmve50yt7/WfoJG26CZcZxA=
github.com/reconquest/loreley v0.0.0-20160708080500-2ab6b7470a54 h1:J2RvHxEMIzMV6XbaZIj9s5G4lG3hhqWxS7Cl1Jii44c=
github.com/reconquest/loreley v0.0.0-20160708080500-2ab6b7470a54/go.mod h1:1NF/j951kWm+ZnRXpOkBqweImgwhlzFVwTA4A0V7TEU=
github.com/sasbury/mini v0.0.0-20161224193750-64bd399395db h1:ErtDAPpJQs1emBGgDGjZp74+ZYeDgdP8cPzyt2uDWTM=
github.com/sasbury/mini v0.0.0-20161224193750-64bd399395db/go.mod h1:yOzd9gzygiw8QvoQeezToFEojl93FdFfDD2d64ZV6u8=
github.com/stretchr/testify v1.2.2 h1:bSDNvY7ZPG5RlJ8otE/7V6gMiyenm9RtJ7IUVIAoJ1w=
github.com/stretchr/testify v1.2.2/go.mod h1:a8OnRcib4nhh0OaRAV+Yts87kKdq0PP7pXfy6kDkUVs=
github.com/vmihailenco/msgpack v4.0.0+incompatible h1:R/ftCULcY/r0SLpalySUSd8QV4fVABi/h0D/IjlYJzg=
github.com/vmihailenco/msgpack v4.0.0+incompatible/go.mod h1:fy3FlTQTDXWkZ7Bh6AcGMlsjHatGryHQYUTf1ShIgkk=
github.com/willf/bitset v1.1.9 h1:GBtFynGY9ZWZmEC9sWuu41/7VBXPFCOAbCbqTflOg9c=
github.com/willf/bitset v1.1.9/go.mod h1:RjeCKbqT1RxIR/KWY6phxZiaY1IyutSBfGjNPySAYV4=
golang.org/x/crypto v0.0.0-20180820150726-614d502a4dac h1:7d7lG9fHOLdL6jZPtnV4LpI41SbohIJ1Atq7U991dMg=
golang.org/x/crypto v0.0.0-20180820150726-614d502a4dac/go.mod h1:6SG95UA2DQfeDnfUPMdvaQW0Q7yPrPDi9nlGo2tz2b4=
golang.org/x/crypto v0.0.0-20180830192347-182538f80094/go.mod h1:6SG95UA2DQfeDnfUPMdvaQW0Q7yPrPDi9nlGo2tz2b4=
golang.org/x/net v0.0.0-20180218175443-cbe0f9307d01 h1:po1f06KS05FvIQQA2pMuOWZAUXiy1KYdIf0ElUU2Hhc=
golang.org/x/net v0.0.0-20180218175443-cbe0f9307d01/go.mod h1:mL1N/T3taQHkDXs73rZJwtUhF3w3ftmwwsq0BUmARs4=
golang.org/x/net v0.0.0-20180826012351-8a410e7b638d h1:g9qWBGx4puODJTMVyoPrpoxPFgVGd+z1DZwjfRu4d0I=
golang.org/x/net v0.0.0-20180826012351-8a410e7b638d/go.mod h1:mL1N/T3taQHkDXs73rZJwtUhF3w3ftmwwsq0BUmARs4=
golang.org/x/net v0.0.0-20180925072008-f04abc6bdfa7 h1:zKzVgSQ8WOSHzD7I4k8LQjrHUUCNOlBsgc0PcYLVNnY=
golang.org/x/net v0.0.0-20180925072008-f04abc6bdfa7/go.mod h1:mL1N/T3taQHkDXs73rZJwtUhF3w3ftmwwsq0BUmARs4=
golang.org/x/oauth2 v0.0.0-20180821212333-d2e6202438be h1:vEDujvNQGv4jgYKudGeI/+DAX4Jffq6hpD55MmoEvKs=
golang.org/x/oauth2 v0.0.0-20180821212333-d2e6202438be/go.mod h1:N/0e6XlmueqKjAGxoOufVs8QHGRruUQn6yWY3a++T0U=
golang.org/x/sync v0.0.0-20180314180146-1d60e4601c6f h1:wMNYb4v58l5UBM7MYRLPG6ZhfOqbKu7X5eyFl8ZhKvA=
golang.org/x/sync v0.0.0-20180314180146-1d60e4601c6f/go.mod h1:RxMgew5VJxzue5/jJTE5uejpjVlOe/izrB70Jof72aM=
golang.org/x/sys v0.0.0-20180824143301-4910a1d54f87 h1:GqwDwfvIpC33dK9bA1fD+JiDUNsuAiQiEkpHqUKze4o=
golang.org/x/sys v0.0.0-20180824143301-4910a1d54f87/go.mod h1:STP8DvDyc/dI5b8T5hshtkjS+E42TnysNCUPdjciGhY=
golang.org/x/sys v0.0.0-20180828065106-d99a578cf41b h1:cmOZLU2i7CLArKNViO+ZCQ47wqYFyKEIpbGWp+b6Uoc=
golang.org/x/sys v0.0.0-20180828065106-d99a578cf41b/go.mod h1:STP8DvDyc/dI5b8T5hshtkjS+E42TnysNCUPdjciGhY=
golang.org/x/sys v0.0.0-20180830151530-49385e6e1522/go.mod h1:STP8DvDyc/dI5b8T5hshtkjS+E42TnysNCUPdjciGhY=
golang.org/x/sys v0.0.0-20180831094639-fa5fdf94c789/go.mod h1:STP8DvDyc/dI5b8T5hshtkjS+E42TnysNCUPdjciGhY=
golang.org/x/text v0.3.0 h1:g61tztE5qeGQ89tm6NTjjM9VPIm088od1l6aSorWRWg=
golang.org/x/text v0.3.0/go.mod h1:NqM8EUOU14njkJ3fqMW+pc6Ldnwhi/IjpwHt7yyuwOQ=
golang.org/x/tools v0.0.0-20180828015842-6cd1fcedba52 h1:JG/0uqcGdTNgq7FdU+61l5Pdmb8putNZlXb65bJBROs=
golang.org/x/tools v0.0.0-20180828015842-6cd1fcedba52/go.mod h1:n7NCudcB/nEzxVGmLbDWY5pfWTLqBcC2KZ6jyYvM4mQ=
golang.org/x/tools v0.0.0-20180830214440-4bc20fc7916b/go.mod h1:n7NCudcB/nEzxVGmLbDWY5pfWTLqBcC2KZ6jyYvM4mQ=
golang.org/x/tools v0.0.0-20180831211245-7ca132754999/go.mod h1:n7NCudcB/nEzxVGmLbDWY5pfWTLqBcC2KZ6jyYvM4mQ=
google.golang.org/appengine v1.1.0/go.mod h1:EbEs0AVv82hx2wNQdGPgUI5lhzA/G0D9YwlJXL52JkM=
gopkg.in/check.v1 v0.0.0-20161208181325-20d25e280405 h1:yhCVgyC4o1eVCa2tZl7eS0r+SDo693bJlVdllGtEeKM=
gopkg.in/check.v1 v0.0.0-20161208181325-20d25e280405/go.mod h1:Co6ibVJAznAaIkqp8huTwlJQCZ016jof/cbN4VW5Yz0=
gopkg.in/check.v1 v1.0.0-20180628173108-788fd7840127 h1:qIbj1fsPNlZgppZ+VLlY7N33q108Sa+fhmuc+sWQYwY=
gopkg.in/check.v1 v1.0.0-20180628173108-788fd7840127/go.mod h1:Co6ibVJAznAaIkqp8huTwlJQCZ016jof/cbN4VW5Yz0=
gopkg.in/fsnotify.v1 v1.4.7 h1:xOHLXZwVvI9hhs+cLKq5+I5onOuwQLhQwiu63xxlHs4=
gopkg.in/fsnotify.v1 v1.4.7/go.mod h1:Tz8NjZHkW78fSQdbUxIjBTcgA1z1m8ZHf0WmKUhAMys=
gopkg.in/natefinch/lumberjack.v2 v2.0.0-20170531160350-a96e63847dc3 h1:AFxeG48hTWHhDTQDk/m2gorfVHUEa9vo3tp3D7TzwjI=
gopkg.in/natefinch/lumberjack.v2 v2.0.0-20170531160350-a96e63847dc3/go.mod h1:l0ndWWf7gzL7RNwBG7wST/UCcT4T24xpD6X8LsfU/+k=
gopkg.in/natefinch/lumberjack.v2 v2.0.0 h1:1Lc07Kr7qY4U2YPouBjpCLxpiyxIVoxqXgkXLknAOE8=
gopkg.in/natefinch/lumberjack.v2 v2.0.0/go.mod h1:l0ndWWf7gzL7RNwBG7wST/UCcT4T24xpD6X8LsfU/+k=
gopkg.in/tomb.v1 v1.0.0-20141024135613-dd632973f1e7 h1:uRGJdciOHaEIrze2W8Q3AKkepLTh2hOroT7a+7czfdQ=
gopkg.in/tomb.v1 v1.0.0-20141024135613-dd632973f1e7/go.mod h1:dt/ZhP58zS4L8KSrWDmTeBkI65Dw0HsyUHuEVlX15mw=
gopkg.in/yaml.v2 v2.2.1 h1:mUhvW9EsL+naU5Q3cakzfE91YhliOondGd6ZrsDBHQE=
gopkg.in/yaml.v2 v2.2.1/go.mod h1:hI93XBmqTisBFMUTm0b8Fm+jr3Dg1NNxqwp+5A1VGuI=
