# This file is autogenerated, do not edit; changes may be undone by the next 'dep ensure'.


[[projects]]
  name = "github.com/PuerkitoBio/goquery"
  packages = ["."]
  revision = "dc2ec5c7ca4d9aae063b79b9f581dd3ea6afd2b2"
  version = "v1.4.1"

[[projects]]
  name = "github.com/andybalholm/cascadia"
  packages = ["."]
  revision = "901648c87902174f774fac311d7f176f8647bdaa"
  version = "v1.0.0"

[[projects]]
  name = "github.com/astaxie/beego"
  packages = ["httplib"]
  revision = "053a075344c118a5cc41981b29ef612bb53d20ca"
  version = "v1.10.1"

[[projects]]
  branch = "master"
  name = "github.com/franela/goreq"
  packages = ["."]
  revision = "bcd34c9993f899273c74baaa95e15386cd97b6e7"

[[projects]]
  branch = "master"
  name = "github.com/ivpusic/grpool"
  packages = ["."]
  revision = "28957a27c9441f178d644aa598bac0aad4dd7bba"

[[projects]]
  name = "github.com/mnhkahn/asciiimg"
  packages = [
    ".",
    "gray"
  ]
  revision = "034b38919410f5e827a58d01aff617cd661c721a"
  version = "v1.0"

[[projects]]
  name = "github.com/mnhkahn/gogogo"
  packages = [
    "app",
    "logger",
    "panicer",
    "util"
  ]
  revision = "1f4ee3c201caf9e3a12c9484bbe3750110dae761"
  version = "1.0.2"

[[projects]]
  name = "github.com/mnhkahn/resume"
  packages = [
    ".",
    "github",
    "stackoverflow",
    "structs",
    "toutiao"
  ]
  revision = "335e96510a3e676842ec319135e689a8220c0921"
  version = "v1.0"

[[projects]]
  name = "github.com/mnhkahn/swiftype"
  packages = ["."]
  revision = "e184d01a986c30db07360c24b7c8c670d7d9ea92"
  version = "v1.2"

[[projects]]
  name = "github.com/patrickmn/go-cache"
  packages = ["."]
  revision = "a3647f8e31d79543b2d0f0ae2fe5c379d72cedc0"
  version = "v2.1.0"

[[projects]]
  branch = "master"
  name = "github.com/sasbury/mini"
  packages = ["."]
  revision = "64bd399395db78bbeaeb465fac3feccd63e75ff5"

[[projects]]
  branch = "master"
  name = "golang.org/x/net"
  packages = [
    "html",
    "html/atom",
    "netutil"
  ]
  revision = "922f4815f713f213882e8ef45e0d315b164d705c"

[[projects]]
  name = "gopkg.in/natefinch/lumberjack.v2"
  packages = ["."]
  revision = "a96e63847dc3c67d17befa69c303767e2f84e54f"
  version = "v2.1"

[[projects]]
  name = "gopkg.in/yaml.v2"
  packages = ["."]
  revision = "5420a8b6744d3b0345ab293f6fcba19c978f1183"
  version = "v2.2.1"

[solve-meta]
  analyzer-name = "dep"
  analyzer-version = 1
  inputs-digest = "a2b754694f61ecc593617ef93223890366dac9fbee1599c7ee451ce1bf5d12ef"
  solver-name = "gps-cdcl"
  solver-version = 1
